
Microsoft Visual Studio Solution File, Format Version 12.00
# Visual Studio Version 17
VisualStudioVersion = 17.5.002.0
MinimumVisualStudioVersion = 10.0.40219.1
Project("{9A19103F-16F7-4668-BE54-9A1E7A4F7556}") = "libLlama2", "src\libLlama2.csproj", "{422210C0-172E-4DE4-A0A0-4D4CE6E8B7B5}"
EndProject
Project("{9A19103F-16F7-4668-BE54-9A1E7A4F7556}") = "libLlama2.UnitTests", "test\libLlama2.UnitTests.csproj", "{9918ED45-E15B-4222-8451-F3CEFCEA8D8E}"
EndProject
Global
	GlobalSection(SolutionConfigurationPlatforms) = preSolution
		Debug|Any CPU = Debug|Any CPU
		Release|Any CPU = Release|Any CPU
	EndGlobalSection
	GlobalSection(ProjectConfigurationPlatforms) = postSolution
		{422210C0-172E-4DE4-A0A0-4D4CE6E8B7B5}.Debug|Any CPU.ActiveCfg = Debug|Any CPU
		{422210C0-172E-4DE4-A0A0-4D4CE6E8B7B5}.Debug|Any CPU.Build.0 = Debug|Any CPU
		{422210C0-172E-4DE4-A0A0-4D4CE6E8B7B5}.Release|Any CPU.ActiveCfg = Release|Any CPU
		{422210C0-172E-4DE4-A0A0-4D4CE6E8B7B5}.Release|Any CPU.Build.0 = Release|Any CPU
		{9918ED45-E15B-4222-8451-F3CEFCEA8D8E}.Debug|Any CPU.ActiveCfg = Debug|Any CPU
		{9918ED45-E15B-4222-8451-F3CEFCEA8D8E}.Debug|Any CPU.Build.0 = Debug|Any CPU
		{9918ED45-E15B-4222-8451-F3CEFCEA8D8E}.Release|Any CPU.ActiveCfg = Release|Any CPU
		{9918ED45-E15B-4222-8451-F3CEFCEA8D8E}.Release|Any CPU.Build.0 = Release|Any CPU
	EndGlobalSection
	GlobalSection(SolutionProperties) = preSolution
		HideSolutionNode = FALSE
	EndGlobalSection
	GlobalSection(ExtensibilityGlobals) = postSolution
		SolutionGuid = {951783D9-A9C1-4E80-B49B-C46211CFA4F1}
	EndGlobalSection
EndGlobal
