
Microsoft Visual Studio Solution File, Format Version 12.00
# Visual Studio Version 17
VisualStudioVersion = 17.5.002.0
MinimumVisualStudioVersion = 10.0.40219.1
Project("{9A19103F-16F7-4668-BE54-9A1E7A4F7556}") = "libLlama2", "src\libLlama2.csproj", "{FC2A95F2-2E06-43EC-B464-060881DF40E1}"
EndProject
Project("{9A19103F-16F7-4668-BE54-9A1E7A4F7556}") = "libLlama2.UnitTests", "test\libLlama2.UnitTests.csproj", "{7B62AF3D-2957-4735-8A5D-F1CC832E11A3}"
EndProject
Project("{2150E333-8FDC-42A3-9474-1A3956D46DE8}") = "examples", "examples", "{1E4CD9FC-43C2-4283-B749-971C198F87E5}"
EndProject
Project("{9A19103F-16F7-4668-BE54-9A1E7A4F7556}") = "WebAPI", "examples\WebAPI\WebAPI.csproj", "{09BF321E-174B-4A8E-A8B3-6002D1702DB2}"
EndProject
Project("{9A19103F-16F7-4668-BE54-9A1E7A4F7556}") = "WebSocket", "examples\WebSocket\WebSocket.csproj", "{E9CC979C-7672-492D-8E4B-6F946361539F}"
EndProject
Project("{9A19103F-16F7-4668-BE54-9A1E7A4F7556}") = "Console", "examples\Console\Console.csproj", "{C3A6C591-0C27-4D90-8F5E-3C1501D91F59}"
EndProject
Project("{9A19103F-16F7-4668-BE54-9A1E7A4F7556}") = "Setup", "examples\Setup\Setup.csproj", "{E1A16D0D-D4F5-45F5-B7B6-26272DDFE1CC}"
EndProject
Global
	GlobalSection(SolutionConfigurationPlatforms) = preSolution
		Debug|Any CPU = Debug|Any CPU
		Release|Any CPU = Release|Any CPU
	EndGlobalSection
	GlobalSection(ProjectConfigurationPlatforms) = postSolution
		{FC2A95F2-2E06-43EC-B464-060881DF40E1}.Debug|Any CPU.ActiveCfg = Debug|Any CPU
		{FC2A95F2-2E06-43EC-B464-060881DF40E1}.Debug|Any CPU.Build.0 = Debug|Any CPU
		{FC2A95F2-2E06-43EC-B464-060881DF40E1}.Release|Any CPU.ActiveCfg = Release|Any CPU
		{FC2A95F2-2E06-43EC-B464-060881DF40E1}.Release|Any CPU.Build.0 = Release|Any CPU
		{7B62AF3D-2957-4735-8A5D-F1CC832E11A3}.Debug|Any CPU.ActiveCfg = Debug|Any CPU
		{7B62AF3D-2957-4735-8A5D-F1CC832E11A3}.Debug|Any CPU.Build.0 = Debug|Any CPU
		{7B62AF3D-2957-4735-8A5D-F1CC832E11A3}.Release|Any CPU.ActiveCfg = Release|Any CPU
		{7B62AF3D-2957-4735-8A5D-F1CC832E11A3}.Release|Any CPU.Build.0 = Release|Any CPU
		{09BF321E-174B-4A8E-A8B3-6002D1702DB2}.Debug|Any CPU.ActiveCfg = Debug|Any CPU
		{09BF321E-174B-4A8E-A8B3-6002D1702DB2}.Debug|Any CPU.Build.0 = Debug|Any CPU
		{09BF321E-174B-4A8E-A8B3-6002D1702DB2}.Release|Any CPU.ActiveCfg = Release|Any CPU
		{09BF321E-174B-4A8E-A8B3-6002D1702DB2}.Release|Any CPU.Build.0 = Release|Any CPU
		{E9CC979C-7672-492D-8E4B-6F946361539F}.Debug|Any CPU.ActiveCfg = Debug|Any CPU
		{E9CC979C-7672-492D-8E4B-6F946361539F}.Debug|Any CPU.Build.0 = Debug|Any CPU
		{E9CC979C-7672-492D-8E4B-6F946361539F}.Release|Any CPU.ActiveCfg = Release|Any CPU
		{E9CC979C-7672-492D-8E4B-6F946361539F}.Release|Any CPU.Build.0 = Release|Any CPU
		{C3A6C591-0C27-4D90-8F5E-3C1501D91F59}.Debug|Any CPU.ActiveCfg = Debug|Any CPU
		{C3A6C591-0C27-4D90-8F5E-3C1501D91F59}.Debug|Any CPU.Build.0 = Debug|Any CPU
		{C3A6C591-0C27-4D90-8F5E-3C1501D91F59}.Release|Any CPU.ActiveCfg = Release|Any CPU
		{C3A6C591-0C27-4D90-8F5E-3C1501D91F59}.Release|Any CPU.Build.0 = Release|Any CPU
		{E1A16D0D-D4F5-45F5-B7B6-26272DDFE1CC}.Debug|Any CPU.ActiveCfg = Debug|Any CPU
		{E1A16D0D-D4F5-45F5-B7B6-26272DDFE1CC}.Debug|Any CPU.Build.0 = Debug|Any CPU
		{E1A16D0D-D4F5-45F5-B7B6-26272DDFE1CC}.Release|Any CPU.ActiveCfg = Release|Any CPU
		{E1A16D0D-D4F5-45F5-B7B6-26272DDFE1CC}.Release|Any CPU.Build.0 = Release|Any CPU
	EndGlobalSection
	GlobalSection(SolutionProperties) = preSolution
		HideSolutionNode = FALSE
	EndGlobalSection
	GlobalSection(NestedProjects) = preSolution
		{09BF321E-174B-4A8E-A8B3-6002D1702DB2} = {1E4CD9FC-43C2-4283-B749-971C198F87E5}
		{E9CC979C-7672-492D-8E4B-6F946361539F} = {1E4CD9FC-43C2-4283-B749-971C198F87E5}
		{C3A6C591-0C27-4D90-8F5E-3C1501D91F59} = {1E4CD9FC-43C2-4283-B749-971C198F87E5}
		{E1A16D0D-D4F5-45F5-B7B6-26272DDFE1CC} = {1E4CD9FC-43C2-4283-B749-971C198F87E5}
	EndGlobalSection
	GlobalSection(ExtensibilityGlobals) = postSolution
		SolutionGuid = {40105150-2861-4E15-9A2C-FDDEC2CB05FA}
	EndGlobalSection
EndGlobal
